github.com/Masterminds/semver/v3 v3.1.1 h1:hLg3sBzpNErnxhQtUy/mmLR2I9foDujNK030IGemrRc=
github.com/Masterminds/semver/v3 v3.1.1/go.mod h1:VPu/7SZ7ePZ3QOrcuXROw5FAcLl4a0cBrbBpGY/8hQs=
github.com/aws/constructs-go/constructs/v3 v3.3.197/go.mod h1:QHkTH/9JD1cwVl/P8LKQcdxM2D4idhLZTcvErOAAqZA=
github.com/aws/constructs-go/constructs/v3 v3.3.198 h1:s3Xhz7ydC4P98zDrQzuSfc+U3fl0N2kqGP0czeYgNkI=
github.com/aws/constructs-go/constructs/v3 v3.3.198/go.mod h1:QHkTH/9JD1cwVl/P8LKQcdxM2D4idhLZTcvErOAAqZA=
github.com/aws/jsii-runtime-go v1.52.1 h1:Q/PBLVRbvRHaXUjQCCHw+TKsYY2yn6zM/iRMkluWR0I=
github.com/aws/jsii-runtime-go v1.52.1/go.mod h1:6tZnlstx8bAB3vnLFF9n8bbkI//LDblAek9zFyMXV3E=
github.com/cdk8s-team/cdk8s-core-go/cdk8s v1.4.11/go.mod h1:iuGNMoOggeoGFO13Qm23zfMF7OOC646U1SbZETrgA70=
github.com/cdk8s-team/cdk8s-core-go/cdk8s v1.4.12 h1:De3a3utJimk5Ds7QkIyJf2oYabLZ2SAQhhwKYZkjT4E=
github.com/cdk8s-team/cdk8s-core-go/cdk8s v1.4.12/go.mod h1:xsTkOhypY8NjFp5NQIa10DQ3qBOMSVClLUaKFMO+TcQ=
github.com/cdk8s-team/cdk8s-plus-go/cdk8splus22 v1.0.0-beta.98 h1:uTPQYekezCqRvKi/CM4B64YBvXg8pmzplQ7n8+Bx98s=
github.com/cdk8s-team/cdk8s-plus-go/cdk8splus22 v1.0.0-beta.98/go.mod h1:r1xH7FUCItT1hKDjXJqiLavbEP4p5C2cizj801voaew=
github.com/davecgh/go-spew v1.1.0 h1:ZDRjVQ15GmhC3fiQ8ni8+OwkZQO4DARzQgrnXU1Liz8=
github.com/davecgh/go-spew v1.1.0/go.mod h1:J7Y8YcW2NihsgmVo/mv3lAwl/skON4iLHjSsI+c5H38=
github.com/pmezard/go-difflib v1.0.0 h1:4DBwDE0NGyQoBHbLQYPwSUPoCMWR5BEzIk/f1lZbAQM=
github.com/pmezard/go-difflib v1.0.0/go.mod h1:iKH77koFhYxTK1pcRnkKkqfTogsbg7gZNVY4sRDYZ/4=
github.com/stretchr/objx v0.1.0/go.mod h1:HFkY916IF+rwdDfMAkV7OtwuqBVzrE8GR6GFx+wExME=
github.com/stretchr/testify v1.7.0 h1:nwc3DEeHmmLAfoZucVR881uASk0Mfjw8xYJ99tb5CcY=
github.com/stretchr/testify v1.7.0/go.mod h1:6Fq8oRcR53rry900zMqJjRRixrwX3KX962/h/Wwjteg=
gopkg.in/check.v1 v0.0.0-20161208181325-20d25e280405/go.mod h1:Co6ibVJAznAaIkqp8huTwlJQCZ016jof/cbN4VW5Yz0=
gopkg.in/yaml.v3 v3.0.0-20200313102051-9f266ea9e77c h1:dUUwHk2QECo/6vqA44rthZ8ie2QXMNeKRTHCNY2nXvo=
gopkg.in/yaml.v3 v3.0.0-20200313102051-9f266ea9e77c/go.mod h1:K4uyk7z7BCEPqu6E+C64Yfv1cQ7kz7rIZviUmN+EgEM=
